
Microsoft Visual Studio Solution File, Format Version 12.00
# Visual Studio Version 17
VisualStudioVersion = 17.4.33122.133
MinimumVisualStudioVersion = 10.0.40219.1
Project("{FAE04EC0-301F-11D3-BF4B-00C04F79EFBC}") = "CinmaTickets", "CinmaTickets.csproj", "{08E6E715-8C86-40C9-8041-1282EE15AE5D}"
EndProject
Global
	GlobalSection(SolutionConfigurationPlatforms) = preSolution
		Debug|Any CPU = Debug|Any CPU
		Release|Any CPU = Release|Any CPU
	EndGlobalSection
	GlobalSection(ProjectConfigurationPlatforms) = postSolution
		{08E6E715-8C86-40C9-8041-1282EE15AE5D}.Debug|Any CPU.ActiveCfg = Debug|Any CPU
		{08E6E715-8C86-40C9-8041-1282EE15AE5D}.Debug|Any CPU.Build.0 = Debug|Any CPU
		{08E6E715-8C86-40C9-8041-1282EE15AE5D}.Release|Any CPU.ActiveCfg = Release|Any CPU
		{08E6E715-8C86-40C9-8041-1282EE15AE5D}.Release|Any CPU.Build.0 = Release|Any CPU
	EndGlobalSection
	GlobalSection(SolutionProperties) = preSolution
		HideSolutionNode = FALSE
	EndGlobalSection
	GlobalSection(ExtensibilityGlobals) = postSolution
		SolutionGuid = {495181C3-D759-4CF9-B849-80BB5644AF6C}
	EndGlobalSection
EndGlobal
